
Microsoft Visual Studio Solution File, Format Version 12.00
# Visual Studio 15
VisualStudioVersion = 15.0.27703.2035
MinimumVisualStudioVersion = 10.0.40219.1
Project("{FAE04EC0-301F-11D3-BF4B-00C04F79EFBC}") = "ConsoleApp5", "ConsoleApp5\ConsoleApp5.csproj", "{3BA85B9F-D56D-43F8-AF81-FE27528C502E}"
EndProject
Global
	GlobalSection(SolutionConfigurationPlatforms) = preSolution
		Debug|Any CPU = Debug|Any CPU
		Release|Any CPU = Release|Any CPU
	EndGlobalSection
	GlobalSection(ProjectConfigurationPlatforms) = postSolution
		{3BA85B9F-D56D-43F8-AF81-FE27528C502E}.Debug|Any CPU.ActiveCfg = Debug|Any CPU
		{3BA85B9F-D56D-43F8-AF81-FE27528C502E}.Debug|Any CPU.Build.0 = Debug|Any CPU
		{3BA85B9F-D56D-43F8-AF81-FE27528C502E}.Release|Any CPU.ActiveCfg = Release|Any CPU
		{3BA85B9F-D56D-43F8-AF81-FE27528C502E}.Release|Any CPU.Build.0 = Release|Any CPU
	EndGlobalSection
	GlobalSection(SolutionProperties) = preSolution
		HideSolutionNode = FALSE
	EndGlobalSection
	GlobalSection(ExtensibilityGlobals) = postSolution
		SolutionGuid = {F3BB652C-D8FE-4219-A08A-214577637B77}
	EndGlobalSection
EndGlobal
