
Microsoft Visual Studio Solution File, Format Version 12.00
# Visual Studio 15
VisualStudioVersion = 15.0.27703.2035
MinimumVisualStudioVersion = 10.0.40219.1
Project("{FAE04EC0-301F-11D3-BF4B-00C04F79EFBC}") = "ConsoleApp5", "ConsoleApp5\ConsoleApp5.csproj", "{580D0C6B-597A-4151-BAEF-BAEF1E138877}"
EndProject
Global
	GlobalSection(SolutionConfigurationPlatforms) = preSolution
		Debug|Any CPU = Debug|Any CPU
		Release|Any CPU = Release|Any CPU
	EndGlobalSection
	GlobalSection(ProjectConfigurationPlatforms) = postSolution
		{580D0C6B-597A-4151-BAEF-BAEF1E138877}.Debug|Any CPU.ActiveCfg = Debug|Any CPU
		{580D0C6B-597A-4151-BAEF-BAEF1E138877}.Debug|Any CPU.Build.0 = Debug|Any CPU
		{580D0C6B-597A-4151-BAEF-BAEF1E138877}.Release|Any CPU.ActiveCfg = Release|Any CPU
		{580D0C6B-597A-4151-BAEF-BAEF1E138877}.Release|Any CPU.Build.0 = Release|Any CPU
	EndGlobalSection
	GlobalSection(SolutionProperties) = preSolution
		HideSolutionNode = FALSE
	EndGlobalSection
	GlobalSection(ExtensibilityGlobals) = postSolution
		SolutionGuid = {9A50242E-3EE7-483E-9130-A5A3247A00ED}
	EndGlobalSection
EndGlobal
