
Microsoft Visual Studio Solution File, Format Version 12.00
# Visual Studio 15
VisualStudioVersion = 15.0.27703.2035
MinimumVisualStudioVersion = 10.0.40219.1
Project("{FAE04EC0-301F-11D3-BF4B-00C04F79EFBC}") = "ConsoleApp5", "ConsoleApp5\ConsoleApp5.csproj", "{936782B0-EEE2-4F24-BEB8-044FB9AE193F}"
EndProject
Global
	GlobalSection(SolutionConfigurationPlatforms) = preSolution
		Debug|Any CPU = Debug|Any CPU
		Release|Any CPU = Release|Any CPU
	EndGlobalSection
	GlobalSection(ProjectConfigurationPlatforms) = postSolution
		{936782B0-EEE2-4F24-BEB8-044FB9AE193F}.Debug|Any CPU.ActiveCfg = Debug|Any CPU
		{936782B0-EEE2-4F24-BEB8-044FB9AE193F}.Debug|Any CPU.Build.0 = Debug|Any CPU
		{936782B0-EEE2-4F24-BEB8-044FB9AE193F}.Release|Any CPU.ActiveCfg = Release|Any CPU
		{936782B0-EEE2-4F24-BEB8-044FB9AE193F}.Release|Any CPU.Build.0 = Release|Any CPU
	EndGlobalSection
	GlobalSection(SolutionProperties) = preSolution
		HideSolutionNode = FALSE
	EndGlobalSection
	GlobalSection(ExtensibilityGlobals) = postSolution
		SolutionGuid = {F70DB248-B324-48FB-B54E-121399995A10}
	EndGlobalSection
EndGlobal
